{
  "name": "casbin-hasura-graphql-authz",
  "lockfileVersion": 2,
  "requires": true,
  "packages": {
    "": {
      "dependencies": {
        "casbin": "^5.20.2",
        "graphql-relay": "^0.10.0",
        "path": "^0.12.7"
      }
    },
    "node_modules/await-lock": {
      "version": "2.2.2",
      "resolved": "https://registry.npmjs.org/await-lock/-/await-lock-2.2.2.tgz",
      "integrity": "sha512-aDczADvlvTGajTDjcjpJMqRkOF6Qdz3YbPZm/PyW6tKPkx2hlYBzxMhEywM/tU72HrVZjgl5VCdRuMlA7pZ8Gw=="
    },
    "node_modules/casbin": {
      "version": "5.20.2",
      "resolved": "https://registry.npmjs.org/casbin/-/casbin-5.20.2.tgz",
      "integrity": "sha512-cemdLmm+AXJBGiaBsGtoTD0E+mc4NucXKuFlABUnOI0jZUHOl5xs54wbHFcEsre3IsLJJJ9YnvRHO0qOmAbk5w==",
      "dependencies": {
        "await-lock": "^2.0.1",
        "csv-parse": "^4.15.3",
        "expression-eval": "^5.0.0",
        "picomatch": "^2.2.3"
      }
    },
    "node_modules/csv-parse": {
      "version": "4.16.3",
      "resolved": "https://registry.npmjs.org/csv-parse/-/csv-parse-4.16.3.tgz",
      "integrity": "sha512-cO1I/zmz4w2dcKHVvpCr7JVRu8/FymG5OEpmvsZYlccYolPBLoVGKUHgNoc4ZGkFeFlWGEDmMyBM+TTqRdW/wg=="
    },
    "node_modules/expression-eval": {
      "version": "5.0.0",
      "resolved": "https://registry.npmjs.org/expression-eval/-/expression-eval-5.0.0.tgz",
      "integrity": "sha512-2H7OBTa/UKBgTVRRb3/lXd+D89cLjClNtldnzOpZYWZK1zBLIlrz8BLWp5f81AAYOc37GbhkCRXtl5Z/q4D91g==",
      "dependencies": {
        "jsep": "^0.3.0"
      }
    },
    "node_modules/graphql": {
      "version": "16.6.0",
      "resolved": "https://registry.npmjs.org/graphql/-/graphql-16.6.0.tgz",
      "integrity": "sha512-KPIBPDlW7NxrbT/eh4qPXz5FiFdL5UbaA0XUNz2Rp3Z3hqBSkbj0GVjwFDztsWVauZUWsbKHgMg++sk8UX0bkw==",
      "peer": true,
      "engines": {
        "node": "^12.22.0 || ^14.16.0 || ^16.0.0 || >=17.0.0"
      }
    },
    "node_modules/graphql-relay": {
      "version": "0.10.0",
      "resolved": "https://registry.npmjs.org/graphql-relay/-/graphql-relay-0.10.0.tgz",
      "integrity": "sha512-44yBuw2/DLNEiMypbNZBt1yMDbBmyVPVesPywnteGGALiBmdyy1JP8jSg8ClLePg8ZZxk0O4BLhd1a6U/1jDOQ==",
      "engines": {
        "node": "^12.20.0 || ^14.15.0 || >= 15.9.0"
      },
      "peerDependencies": {
        "graphql": "^16.2.0"
      }
    },
    "node_modules/inherits": {
      "version": "2.0.3",
      "resolved": "https://registry.npmjs.org/inherits/-/inherits-2.0.3.tgz",
      "integrity": "sha512-x00IRNXNy63jwGkJmzPigoySHbaqpNuzKbBOmzK+g2OdZpQ9w+sxCN+VSB3ja7IAge2OP2qpfxTjeNcyjmW1uw=="
    },
    "node_modules/jsep": {
      "version": "0.3.5",
      "resolved": "https://registry.npmjs.org/jsep/-/jsep-0.3.5.tgz",
      "integrity": "sha512-AoRLBDc6JNnKjNcmonituEABS5bcfqDhQAWWXNTFrqu6nVXBpBAGfcoTGZMFlIrh9FjmE1CQyX9CTNwZrXMMDA==",
      "engines": {
        "node": ">= 6.0.0"
      }
    },
    "node_modules/path": {
      "version": "0.12.7",
      "resolved": "https://registry.npmjs.org/path/-/path-0.12.7.tgz",
      "integrity": "sha512-aXXC6s+1w7otVF9UletFkFcDsJeO7lSZBPUQhtb5O0xJe8LtYhj/GxldoL09bBj9+ZmE2hNoHqQSFMN5fikh4Q==",
      "dependencies": {
        "process": "^0.11.1",
        "util": "^0.10.3"
      }
    },
    "node_modules/picomatch": {
      "version": "2.3.1",
      "resolved": "https://registry.npmjs.org/picomatch/-/picomatch-2.3.1.tgz",
      "integrity": "sha512-JU3teHTNjmE2VCGFzuY8EXzCDVwEqB2a8fsIvwaStHhAWJEeVd1o1QD80CU6+ZdEXXSLbSsuLwJjkCBWqRQUVA==",
      "engines": {
        "node": ">=8.6"
      },
      "funding": {
        "url": "https://github.com/sponsors/jonschlinkert"
      }
    },
    "node_modules/process": {
      "version": "0.11.10",
      "resolved": "https://registry.npmjs.org/process/-/process-0.11.10.tgz",
      "integrity": "sha512-cdGef/drWFoydD1JsMzuFf8100nZl+GT+yacc2bEced5f9Rjk4z+WtFUTBu9PhOi9j/jfmBPu0mMEY4wIdAF8A==",
      "engines": {
        "node": ">= 0.6.0"
      }
    },
    "node_modules/util": {
      "version": "0.10.4",
      "resolved": "https://registry.npmjs.org/util/-/util-0.10.4.tgz",
      "integrity": "sha512-0Pm9hTQ3se5ll1XihRic3FDIku70C+iHUdT/W926rSgHV5QgXsYbKZN8MSC3tJtSkhuROzvsQjAaFENRXr+19A==",
      "dependencies": {
        "inherits": "2.0.3"
      }
    }
  },
  "dependencies": {
    "await-lock": {
      "version": "2.2.2",
      "resolved": "https://registry.npmjs.org/await-lock/-/await-lock-2.2.2.tgz",
      "integrity": "sha512-aDczADvlvTGajTDjcjpJMqRkOF6Qdz3YbPZm/PyW6tKPkx2hlYBzxMhEywM/tU72HrVZjgl5VCdRuMlA7pZ8Gw=="
    },
    "casbin": {
      "version": "5.20.2",
      "resolved": "https://registry.npmjs.org/casbin/-/casbin-5.20.2.tgz",
      "integrity": "sha512-cemdLmm+AXJBGiaBsGtoTD0E+mc4NucXKuFlABUnOI0jZUHOl5xs54wbHFcEsre3IsLJJJ9YnvRHO0qOmAbk5w==",
      "requires": {
        "await-lock": "^2.0.1",
        "csv-parse": "^4.15.3",
        "expression-eval": "^5.0.0",
        "picomatch": "^2.2.3"
      }
    },
    "csv-parse": {
      "version": "4.16.3",
      "resolved": "https://registry.npmjs.org/csv-parse/-/csv-parse-4.16.3.tgz",
      "integrity": "sha512-cO1I/zmz4w2dcKHVvpCr7JVRu8/FymG5OEpmvsZYlccYolPBLoVGKUHgNoc4ZGkFeFlWGEDmMyBM+TTqRdW/wg=="
    },
    "expression-eval": {
      "version": "5.0.0",
      "resolved": "https://registry.npmjs.org/expression-eval/-/expression-eval-5.0.0.tgz",
      "integrity": "sha512-2H7OBTa/UKBgTVRRb3/lXd+D89cLjClNtldnzOpZYWZK1zBLIlrz8BLWp5f81AAYOc37GbhkCRXtl5Z/q4D91g==",
      "requires": {
        "jsep": "^0.3.0"
      }
    },
    "graphql": {
      "version": "16.6.0",
      "resolved": "https://registry.npmjs.org/graphql/-/graphql-16.6.0.tgz",
      "integrity": "sha512-KPIBPDlW7NxrbT/eh4qPXz5FiFdL5UbaA0XUNz2Rp3Z3hqBSkbj0GVjwFDztsWVauZUWsbKHgMg++sk8UX0bkw==",
      "peer": true
    },
    "graphql-relay": {
      "version": "0.10.0",
      "resolved": "https://registry.npmjs.org/graphql-relay/-/graphql-relay-0.10.0.tgz",
      "integrity": "sha512-44yBuw2/DLNEiMypbNZBt1yMDbBmyVPVesPywnteGGALiBmdyy1JP8jSg8ClLePg8ZZxk0O4BLhd1a6U/1jDOQ==",
      "requires": {}
    },
    "inherits": {
      "version": "2.0.3",
      "resolved": "https://registry.npmjs.org/inherits/-/inherits-2.0.3.tgz",
      "integrity": "sha512-x00IRNXNy63jwGkJmzPigoySHbaqpNuzKbBOmzK+g2OdZpQ9w+sxCN+VSB3ja7IAge2OP2qpfxTjeNcyjmW1uw=="
    },
    "jsep": {
      "version": "0.3.5",
      "resolved": "https://registry.npmjs.org/jsep/-/jsep-0.3.5.tgz",
      "integrity": "sha512-AoRLBDc6JNnKjNcmonituEABS5bcfqDhQAWWXNTFrqu6nVXBpBAGfcoTGZMFlIrh9FjmE1CQyX9CTNwZrXMMDA=="
    },
    "path": {
      "version": "0.12.7",
      "resolved": "https://registry.npmjs.org/path/-/path-0.12.7.tgz",
      "integrity": "sha512-aXXC6s+1w7otVF9UletFkFcDsJeO7lSZBPUQhtb5O0xJe8LtYhj/GxldoL09bBj9+ZmE2hNoHqQSFMN5fikh4Q==",
      "requires": {
        "process": "^0.11.1",
        "util": "^0.10.3"
      }
    },
    "picomatch": {
      "version": "2.3.1",
      "resolved": "https://registry.npmjs.org/picomatch/-/picomatch-2.3.1.tgz",
      "integrity": "sha512-JU3teHTNjmE2VCGFzuY8EXzCDVwEqB2a8fsIvwaStHhAWJEeVd1o1QD80CU6+ZdEXXSLbSsuLwJjkCBWqRQUVA=="
    },
    "process": {
      "version": "0.11.10",
      "resolved": "https://registry.npmjs.org/process/-/process-0.11.10.tgz",
      "integrity": "sha512-cdGef/drWFoydD1JsMzuFf8100nZl+GT+yacc2bEced5f9Rjk4z+WtFUTBu9PhOi9j/jfmBPu0mMEY4wIdAF8A=="
    },
    "util": {
      "version": "0.10.4",
      "resolved": "https://registry.npmjs.org/util/-/util-0.10.4.tgz",
      "integrity": "sha512-0Pm9hTQ3se5ll1XihRic3FDIku70C+iHUdT/W926rSgHV5QgXsYbKZN8MSC3tJtSkhuROzvsQjAaFENRXr+19A==",
      "requires": {
        "inherits": "2.0.3"
      }
    }
  }
}
