# This file was autogenerated by Stack.
# You should not edit this file by hand.
# For more information, please see the documentation at:
#   https://docs.haskellstack.org/en/stable/lock_files

packages:
- completed:
    name: resource-pool
    version: 0.2.3.2
    git: https://github.com/hasura/pool.git
    pantry-tree:
      size: 414
      sha256: 7561aad88cc30834abc16518e64f363076b3648c888da1763763380dda7189aa
    commit: bc4c3f739a8fb8ec4444336a34662895831c9acf
  original:
    git: https://github.com/hasura/pool.git
    commit: bc4c3f739a8fb8ec4444336a34662895831c9acf
snapshots:
- completed:
    size: 567679
    url: https://raw.githubusercontent.com/commercialhaskell/stackage-snapshots/master/lts/17/15.yaml
    sha256: 72e87841a0ab5b72f6f018e8ee692fd972b7bb32a944990f028e10d6eb528e63
  original: lts-17.15
